{
  "name": "docs",
  "version": "1.0.0",
  "lockfileVersion": 3,
  "requires": true,
  "packages": {
    "": {
      "name": "docs",
      "version": "1.0.0",
      "dependencies": {
        "@langchain/docs-sandbox": "^0.0.15"
      }
    },
    "node_modules/@langchain/docs-sandbox": {
      "version": "0.0.15",
      "resolved": "https://registry.npmjs.org/@langchain/docs-sandbox/-/docs-sandbox-0.0.15.tgz",
      "integrity": "sha512-4NgbPCnb+LZvKA2HaOkWbyRjRfliJXiLeINIx4LfLXBC/eI8KKij2uN5oovN/l+EK4QvL9so+FQ9OCyEfjuaAg==",
      "peerDependencies": {
        "@langchain/playground-preview-protocol": "workspace:*",
        "react": "^18 || ^19",
        "zod": "^4.3.6"
      }
    }
  }
}
