{
  "name": "docs",
  "version": "1.0.0",
  "lockfileVersion": 3,
  "requires": true,
  "packages": {
    "": {
      "name": "docs",
      "version": "1.0.0",
      "dependencies": {
        "@langchain/docs-sandbox": "^0.0.16"
      }
    },
    "node_modules/@langchain/docs-sandbox": {
      "version": "0.0.16",
      "resolved": "https://registry.npmjs.org/@langchain/docs-sandbox/-/docs-sandbox-0.0.16.tgz",
      "integrity": "sha512-857eroPbc/9mgSiX6LGbeNsidCN+l+LudGmuH33tXWMAj/vMJXst5heMqcWz1Wd7jQPu1CjZpJFkm5ugqmsBPQ==",
      "peerDependencies": {
        "@langchain/playground-preview-protocol": "workspace:*",
        "react": "^18 || ^19",
        "zod": "^4.3.6"
      }
    }
  }
}
